
Microsoft Visual Studio Solution File, Format Version 12.00
# Visual Studio Version 16
VisualStudioVersion = 16.0.31313.79
MinimumVisualStudioVersion = 10.0.40219.1
Project("{FAE04EC0-301F-11D3-BF4B-00C04F79EFBC}") = "array shifter", "array shifter\array shifter.csproj", "{445C1CD1-B34B-4A21-B7EA-16CFBB909395}"
EndProject
Global
	GlobalSection(SolutionConfigurationPlatforms) = preSolution
		Debug|Any CPU = Debug|Any CPU
		Release|Any CPU = Release|Any CPU
	EndGlobalSection
	GlobalSection(ProjectConfigurationPlatforms) = postSolution
		{445C1CD1-B34B-4A21-B7EA-16CFBB909395}.Debug|Any CPU.ActiveCfg = Debug|Any CPU
		{445C1CD1-B34B-4A21-B7EA-16CFBB909395}.Debug|Any CPU.Build.0 = Debug|Any CPU
		{445C1CD1-B34B-4A21-B7EA-16CFBB909395}.Release|Any CPU.ActiveCfg = Release|Any CPU
		{445C1CD1-B34B-4A21-B7EA-16CFBB909395}.Release|Any CPU.Build.0 = Release|Any CPU
	EndGlobalSection
	GlobalSection(SolutionProperties) = preSolution
		HideSolutionNode = FALSE
	EndGlobalSection
	GlobalSection(ExtensibilityGlobals) = postSolution
		SolutionGuid = {91B78601-7B78-46A0-9F78-1E24DD8A4672}
	EndGlobalSection
EndGlobal
